
Microsoft Visual Studio Solution File, Format Version 12.00
# Visual Studio 2012
Project("{FAE04EC0-301F-11D3-BF4B-00C04F79EFBC}") = "AutoCADIODemoWebApp", "AutoCADIODemoWebApp\AutoCADIODemoWebApp.csproj", "{66D9BD36-494C-4820-A7FE-C1F3080D682B}"
EndProject
Global
	GlobalSection(SolutionConfigurationPlatforms) = preSolution
		Debug|Any CPU = Debug|Any CPU
		Release|Any CPU = Release|Any CPU
	EndGlobalSection
	GlobalSection(ProjectConfigurationPlatforms) = postSolution
		{66D9BD36-494C-4820-A7FE-C1F3080D682B}.Debug|Any CPU.ActiveCfg = Debug|Any CPU
		{66D9BD36-494C-4820-A7FE-C1F3080D682B}.Debug|Any CPU.Build.0 = Debug|Any CPU
		{66D9BD36-494C-4820-A7FE-C1F3080D682B}.Release|Any CPU.ActiveCfg = Release|Any CPU
		{66D9BD36-494C-4820-A7FE-C1F3080D682B}.Release|Any CPU.Build.0 = Release|Any CPU
	EndGlobalSection
	GlobalSection(SolutionProperties) = preSolution
		HideSolutionNode = FALSE
	EndGlobalSection
EndGlobal
